// !$*UTF8*$!
{
	archiveVersion = 1;
	classes = {
	};
	objectVersion = 50;
	objects = {

/* Begin PBXBuildFile section */
		EC06566C219A6FFF00636786 /* AppDelegate.m in Sources */ = {isa = PBXBuildFile; fileRef = EC06566B219A6FFF00636786 /* AppDelegate.m */; };
		EC06566F219A6FFF00636786 /* ViewController.m in Sources */ = {isa = PBXBuildFile; fileRef = EC06566E219A6FFF00636786 /* ViewController.m */; };
		EC065672219A6FFF00636786 /* Main.storyboard in Resources */ = {isa = PBXBuildFile; fileRef = EC065670219A6FFF00636786 /* Main.storyboard */; };
		EC065674219A700300636786 /* Assets.xcassets in Resources */ = {isa = PBXBuildFile; fileRef = EC065673219A700300636786 /* Assets.xcassets */; };
		EC065677219A700300636786 /* LaunchScreen.storyboard in Resources */ = {isa = PBXBuildFile; fileRef = EC065675219A700300636786 /* LaunchScreen.storyboard */; };
		EC06567A219A700300636786 /* main.m in Sources */ = {isa = PBXBuildFile; fileRef = EC065679219A700300636786 /* main.m */; };
		EC065684219A700400636786 /* LVLBSTests.m in Sources */ = {isa = PBXBuildFile; fileRef = EC065683219A700400636786 /* LVLBSTests.m */; };
/* End PBXBuildFile section */

/* Begin PBXContainerItemProxy section */
		EC065680219A700400636786 /* PBXContainerItemProxy */ = {
			isa = PBXContainerItemProxy;
			containerPortal = EC06565F219A6FFF00636786 /* Project object */;
			proxyType = 1;
			remoteGlobalIDString = EC065666219A6FFF00636786;
			remoteInfo = LVLBS;
		};
/* End PBXContainerItemProxy section */

/* Begin PBXFileReference section */
		EC065667219A6FFF00636786 /* LVLBS.app */ = {isa = PBXFileReference; explicitFileType = wrapper.application; includeInIndex = 0; path = LVLBS.app; sourceTree = BUILT_PRODUCTS_DIR; };
		EC06566A219A6FFF00636786 /* AppDelegate.h */ = {isa = PBXFileReference; lastKnownFileType = sourcecode.c.h; path = AppDelegate.h; sourceTree = "<group>"; };
		EC06566B219A6FFF00636786 /* AppDelegate.m */ = {isa = PBXFileReference; lastKnownFileType = sourcecode.c.objc; path = AppDelegate.m; sourceTree = "<group>"; };
		EC06566D219A6FFF00636786 /* ViewController.h */ = {isa = PBXFileReference; lastKnownFileType = sourcecode.c.h; path = ViewController.h; sourceTree = "<group>"; };
		EC06566E219A6FFF00636786 /* ViewController.m */ = {isa = PBXFileReference; lastKnownFileType = sourcecode.c.objc; path = ViewController.m; sourceTree = "<group>"; };
		EC065671219A6FFF00636786 /* Base */ = {isa = PBXFileReference; lastKnownFileType = file.storyboard; name = Base; path = Base.lproj/Main.storyboard; sourceTree = "<group>"; };
		EC065673219A700300636786 /* Assets.xcassets */ = {isa = PBXFileReference; lastKnownFileType = folder.assetcatalog; path = Assets.xcassets; sourceTree = "<group>"; };
		EC065676219A700300636786 /* Base */ = {isa = PBXFileReference; lastKnownFileType = file.storyboard; name = Base; path = Base.lproj/LaunchScreen.storyboard; sourceTree = "<group>"; };
		EC065678219A700300636786 /* Info.plist */ = {isa = PBXFileReference; lastKnownFileType = text.plist.xml; path = Info.plist; sourceTree = "<group>"; };
		EC065679219A700300636786 /* main.m */ = {isa = PBXFileReference; lastKnownFileType = sourcecode.c.objc; path = main.m; sourceTree = "<group>"; };
		EC06567F219A700400636786 /* LVLBSTests.xctest */ = {isa = PBXFileReference; explicitFileType = wrapper.cfbundle; includeInIndex = 0; path = LVLBSTests.xctest; sourceTree = BUILT_PRODUCTS_DIR; };
		EC065683219A700400636786 /* LVLBSTests.m */ = {isa = PBXFileReference; lastKnownFileType = sourcecode.c.objc; path = LVLBSTests.m; sourceTree = "<group>"; };
		EC065685219A700400636786 /* Info.plist */ = {isa = PBXFileReference; lastKnownFileType = text.plist.xml; path = Info.plist; sourceTree = "<group>"; };
/* End PBXFileReference section */

/* Begin PBXFrameworksBuildPhase section */
		EC065664219A6FFF00636786 /* Frameworks */ = {
			isa = PBXFrameworksBuildPhase;
			buildActionMask = 2147483647;
			files = (
			);
			runOnlyForDeploymentPostprocessing = 0;
		};
		EC06567C219A700400636786 /* Frameworks */ = {
			isa = PBXFrameworksBuildPhase;
			buildActionMask = 2147483647;
			files = (
			);
			runOnlyForDeploymentPostprocessing = 0;
		};
/* End PBXFrameworksBuildPhase section */

/* Begin PBXGroup section */
		EC06565E219A6FFF00636786 = {
			isa = PBXGroup;
			children = (
				EC065669219A6FFF00636786 /* LVLBS */,
				EC065682219A700400636786 /* LVLBSTests */,
				EC065668219A6FFF00636786 /* Products */,
			);
			sourceTree = "<group>";
		};
		EC065668219A6FFF00636786 /* Products */ = {
			isa = PBXGroup;
			children = (
				EC065667219A6FFF00636786 /* LVLBS.app */,
				EC06567F219A700400636786 /* LVLBSTests.xctest */,
			);
			name = Products;
			sourceTree = "<group>";
		};
		EC065669219A6FFF00636786 /* LVLBS */ = {
			isa = PBXGroup;
			children = (
				EC06566A219A6FFF00636786 /* AppDelegate.h */,
				EC06566B219A6FFF00636786 /* AppDelegate.m */,
				EC06566D219A6FFF00636786 /* ViewController.h */,
				EC06566E219A6FFF00636786 /* ViewController.m */,
				EC065670219A6FFF00636786 /* Main.storyboard */,
				EC065673219A700300636786 /* Assets.xcassets */,
				EC065675219A700300636786 /* LaunchScreen.storyboard */,
				EC065678219A700300636786 /* Info.plist */,
				EC065679219A700300636786 /* main.m */,
			);
			path = LVLBS;
			sourceTree = "<group>";
		};
		EC065682219A700400636786 /* LVLBSTests */ = {
			isa = PBXGroup;
			children = (
				EC065683219A700400636786 /* LVLBSTests.m */,
				EC065685219A700400636786 /* Info.plist */,
			);
			path = LVLBSTests;
			sourceTree = "<group>";
		};
/* End PBXGroup section */

/* Begin PBXNativeTarget section */
		EC065666219A6FFF00636786 /* LVLBS */ = {
			isa = PBXNativeTarget;
			buildConfigurationList = EC065688219A700400636786 /* Build configuration list for PBXNativeTarget "LVLBS" */;
			buildPhases = (
				EC065663219A6FFF00636786 /* Sources */,
				EC065664219A6FFF00636786 /* Frameworks */,
				EC065665219A6FFF00636786 /* Resources */,
			);
			buildRules = (
			);
			dependencies = (
			);
			name = LVLBS;
			productName = LVLBS;
			productReference = EC065667219A6FFF00636786 /* LVLBS.app */;
			productType = "com.apple.product-type.application";
		};
		EC06567E219A700400636786 /* LVLBSTests */ = {
			isa = PBXNativeTarget;
			buildConfigurationList = EC06568B219A700400636786 /* Build configuration list for PBXNativeTarget "LVLBSTests" */;
			buildPhases = (
				EC06567B219A700400636786 /* Sources */,
				EC06567C219A700400636786 /* Frameworks */,
				EC06567D219A700400636786 /* Resources */,
			);
			buildRules = (
			);
			dependencies = (
				EC065681219A700400636786 /* PBXTargetDependency */,
			);
			name = LVLBSTests;
			productName = LVLBSTests;
			productReference = EC06567F219A700400636786 /* LVLBSTests.xctest */;
			productType = "com.apple.product-type.bundle.unit-test";
		};
/* End PBXNativeTarget section */

/* Begin PBXProject section */
		EC06565F219A6FFF00636786 /* Project object */ = {
			isa = PBXProject;
			attributes = {
				LastUpgradeCheck = 1010;
				ORGANIZATIONNAME = ZLWL;
				TargetAttributes = {
					EC065666219A6FFF00636786 = {
						CreatedOnToolsVersion = 10.1;
					};
					EC06567E219A700400636786 = {
						CreatedOnToolsVersion = 10.1;
						TestTargetID = EC065666219A6FFF00636786;
					};
				};
			};
			buildConfigurationList = EC065662219A6FFF00636786 /* Build configuration list for PBXProject "LVLBS" */;
			compatibilityVersion = "Xcode 9.3";
			developmentRegion = en;
			hasScannedForEncodings = 0;
			knownRegions = (
				en,
				Base,
			);
			mainGroup = EC06565E219A6FFF00636786;
			productRefGroup = EC065668219A6FFF00636786 /* Products */;
			projectDirPath = "";
			projectRoot = "";
			targets = (
				EC065666219A6FFF00636786 /* LVLBS */,
				EC06567E219A700400636786 /* LVLBSTests */,
			);
		};
/* End PBXProject section */

/* Begin PBXResourcesBuildPhase section */
		EC065665219A6FFF00636786 /* Resources */ = {
			isa = PBXResourcesBuildPhase;
			buildActionMask = 2147483647;
			files = (
				EC065677219A700300636786 /* LaunchScreen.storyboard in Resources */,
				EC065674219A700300636786 /* Assets.xcassets in Resources */,
				EC065672219A6FFF00636786 /* Main.storyboard in Resources */,
			);
			runOnlyForDeploymentPostprocessing = 0;
		};
		EC06567D219A700400636786 /* Resources */ = {
			isa = PBXResourcesBuildPhase;
			buildActionMask = 2147483647;
			files = (
			);
			runOnlyForDeploymentPostprocessing = 0;
		};
/* End PBXResourcesBuildPhase section */

/* Begin PBXSourcesBuildPhase section */
		EC065663219A6FFF00636786 /* Sources */ = {
			isa = PBXSourcesBuildPhase;
			buildActionMask = 2147483647;
			files = (
				EC06566F219A6FFF00636786 /* ViewController.m in Sources */,
				EC06567A219A700300636786 /* main.m in Sources */,
				EC06566C219A6FFF00636786 /* AppDelegate.m in Sources */,
			);
			runOnlyForDeploymentPostprocessing = 0;
		};
		EC06567B219A700400636786 /* Sources */ = {
			isa = PBXSourcesBuildPhase;
			buildActionMask = 2147483647;
			files = (
				EC065684219A700400636786 /* LVLBSTests.m in Sources */,
			);
			runOnlyForDeploymentPostprocessing = 0;
		};
/* End PBXSourcesBuildPhase section */

/* Begin PBXTargetDependency section */
		EC065681219A700400636786 /* PBXTargetDependency */ = {
			isa = PBXTargetDependency;
			target = EC065666219A6FFF00636786 /* LVLBS */;
			targetProxy = EC065680219A700400636786 /* PBXContainerItemProxy */;
		};
/* End PBXTargetDependency section */

/* Begin PBXVariantGroup section */
		EC065670219A6FFF00636786 /* Main.storyboard */ = {
			isa = PBXVariantGroup;
			children = (
				EC065671219A6FFF00636786 /* Base */,
			);
			name = Main.storyboard;
			sourceTree = "<group>";
		};
		EC065675219A700300636786 /* LaunchScreen.storyboard */ = {
			isa = PBXVariantGroup;
			children = (
				EC065676219A700300636786 /* Base */,
			);
			name = LaunchScreen.storyboard;
			sourceTree = "<group>";
		};
/* End PBXVariantGroup section */

/* Begin XCBuildConfiguration section */
		EC065686219A700400636786 /* Debug */ = {
			isa = XCBuildConfiguration;
			buildSettings = {
				ALWAYS_SEARCH_USER_PATHS = NO;
				CLANG_ANALYZER_NONNULL = YES;
				CLANG_ANALYZER_NUMBER_OBJECT_CONVERSION = YES_AGGRESSIVE;
				CLANG_CXX_LANGUAGE_STANDARD = "gnu++14";
				CLANG_CXX_LIBRARY = "libc++";
				CLANG_ENABLE_MODULES = YES;
				CLANG_ENABLE_OBJC_ARC = YES;
				CLANG_ENABLE_OBJC_WEAK = YES;
				CLANG_WARN_BLOCK_CAPTURE_AUTORELEASING = YES;
				CLANG_WARN_BOOL_CONVERSION = YES;
				CLANG_WARN_COMMA = YES;
				CLANG_WARN_CONSTANT_CONVERSION = YES;
				CLANG_WARN_DEPRECATED_OBJC_IMPLEMENTATIONS = YES;
				CLANG_WARN_DIRECT_OBJC_ISA_USAGE = YES_ERROR;
				CLANG_WARN_DOCUMENTATION_COMMENTS = YES;
				CLANG_WARN_EMPTY_BODY = YES;
				CLANG_WARN_ENUM_CONVERSION = YES;
				CLANG_WARN_INFINITE_RECURSION = YES;
				CLANG_WARN_INT_CONVERSION = YES;
				CLANG_WARN_NON_LITERAL_NULL_CONVERSION = YES;
				CLANG_WARN_OBJC_IMPLICIT_RETAIN_SELF = YES;
				CLANG_WARN_OBJC_LITERAL_CONVERSION = YES;
				CLANG_WARN_OBJC_ROOT_CLASS = YES_ERROR;
				CLANG_WARN_RANGE_LOOP_ANALYSIS = YES;
				CLANG_WARN_STRICT_PROTOTYPES = YES;
				CLANG_WARN_SUSPICIOUS_MOVE = YES;
				CLANG_WARN_UNGUARDED_AVAILABILITY = YES_AGGRESSIVE;
				CLANG_WARN_UNREACHABLE_CODE = YES;
				CLANG_WARN__DUPLICATE_METHOD_MATCH = YES;
				CODE_SIGN_IDENTITY = "iPhone Developer";
				COPY_PHASE_STRIP = NO;
				DEBUG_INFORMATION_FORMAT = dwarf;
				ENABLE_STRICT_OBJC_MSGSEND = YES;
				ENABLE_TESTABILITY = YES;
				GCC_C_LANGUAGE_STANDARD = gnu11;
				GCC_DYNAMIC_NO_PIC = NO;
				GCC_NO_COMMON_BLOCKS = YES;
				GCC_OPTIMIZATION_LEVEL = 0;
				GCC_PREPROCESSOR_DEFINITIONS = (
					"DEBUG=1",
					"$(inherited)",
				);
				GCC_WARN_64_TO_32_BIT_CONVERSION = YES;
				GCC_WARN_ABOUT_RETURN_TYPE = YES_ERROR;
				GCC_WARN_UNDECLARED_SELECTOR = YES;
				GCC_WARN_UNINITIALIZED_AUTOS = YES_AGGRESSIVE;
				GCC_WARN_UNUSED_FUNCTION = YES;
				GCC_WARN_UNUSED_VARIABLE = YES;
				IPHONEOS_DEPLOYMENT_TARGET = 12.1;
				MTL_ENABLE_DEBUG_INFO = INCLUDE_SOURCE;
				MTL_FAST_MATH = YES;
				ONLY_ACTIVE_ARCH = YES;
				SDKROOT = iphoneos;
			};
			name = Debug;
		};
		EC065687219A700400636786 /* Release */ = {
			isa = XCBuildConfiguration;
			buildSettings = {
				ALWAYS_SEARCH_USER_PATHS = NO;
				CLANG_ANALYZER_NONNULL = YES;
				CLANG_ANALYZER_NUMBER_OBJECT_CONVERSION = YES_AGGRESSIVE;
				CLANG_CXX_LANGUAGE_STANDARD = "gnu++14";
				CLANG_CXX_LIBRARY = "libc++";
				CLANG_ENABLE_MODULES = YES;
				CLANG_ENABLE_OBJC_ARC = YES;
				CLANG_ENABLE_OBJC_WEAK = YES;
				CLANG_WARN_BLOCK_CAPTURE_AUTORELEASING = YES;
				CLANG_WARN_BOOL_CONVERSION = YES;
				CLANG_WARN_COMMA = YES;
				CLANG_WARN_CONSTANT_CONVERSION = YES;
				CLANG_WARN_DEPRECATED_OBJC_IMPLEMENTATIONS = YES;
				CLANG_WARN_DIRECT_OBJC_ISA_USAGE = YES_ERROR;
				CLANG_WARN_DOCUMENTATION_COMMENTS = YES;
				CLANG_WARN_EMPTY_BODY = YES;
				CLANG_WARN_ENUM_CONVERSION = YES;
				CLANG_WARN_INFINITE_RECURSION = YES;
				CLANG_WARN_INT_CONVERSION = YES;
				CLANG_WARN_NON_LITERAL_NULL_CONVERSION = YES;
				CLANG_WARN_OBJC_IMPLICIT_RETAIN_SELF = YES;
				CLANG_WARN_OBJC_LITERAL_CONVERSION = YES;
				CLANG_WARN_OBJC_ROOT_CLASS = YES_ERROR;
				CLANG_WARN_RANGE_LOOP_ANALYSIS = YES;
				CLANG_WARN_STRICT_PROTOTYPES = YES;
				CLANG_WARN_SUSPICIOUS_MOVE = YES;
				CLANG_WARN_UNGUARDED_AVAILABILITY = YES_AGGRESSIVE;
				CLANG_WARN_UNREACHABLE_CODE = YES;
				CLANG_WARN__DUPLICATE_METHOD_MATCH = YES;
				CODE_SIGN_IDENTITY = "iPhone Developer";
				COPY_PHASE_STRIP = NO;
				DEBUG_INFORMATION_FORMAT = "dwarf-with-dsym";
				ENABLE_NS_ASSERTIONS = NO;
				ENABLE_STRICT_OBJC_MSGSEND = YES;
				GCC_C_LANGUAGE_STANDARD = gnu11;
				GCC_NO_COMMON_BLOCKS = YES;
				GCC_WARN_64_TO_32_BIT_CONVERSION = YES;
				GCC_WARN_ABOUT_RETURN_TYPE = YES_ERROR;
				GCC_WARN_UNDECLARED_SELECTOR = YES;
				GCC_WARN_UNINITIALIZED_AUTOS = YES_AGGRESSIVE;
				GCC_WARN_UNUSED_FUNCTION = YES;
				GCC_WARN_UNUSED_VARIABLE = YES;
				IPHONEOS_DEPLOYMENT_TARGET = 12.1;
				MTL_ENABLE_DEBUG_INFO = NO;
				MTL_FAST_MATH = YES;
				SDKROOT = iphoneos;
				VALIDATE_PRODUCT = YES;
			};
			name = Release;
		};
		EC065689219A700400636786 /* Debug */ = {
			isa = XCBuildConfiguration;
			buildSettings = {
				ASSETCATALOG_COMPILER_APPICON_NAME = AppIcon;
				CODE_SIGN_STYLE = Automatic;
				INFOPLIST_FILE = LVLBS/Info.plist;
				LD_RUNPATH_SEARCH_PATHS = (
					"$(inherited)",
					"@executable_path/Frameworks",
				);
				PRODUCT_BUNDLE_IDENTIFIER = none.LVLBS;
				PRODUCT_NAME = "$(TARGET_NAME)";
				TARGETED_DEVICE_FAMILY = "1,2";
			};
			name = Debug;
		};
		EC06568A219A700400636786 /* Release */ = {
			isa = XCBuildConfiguration;
			buildSettings = {
				ASSETCATALOG_COMPILER_APPICON_NAME = AppIcon;
				CODE_SIGN_STYLE = Automatic;
				INFOPLIST_FILE = LVLBS/Info.plist;
				LD_RUNPATH_SEARCH_PATHS = (
					"$(inherited)",
					"@executable_path/Frameworks",
				);
				PRODUCT_BUNDLE_IDENTIFIER = none.LVLBS;
				PRODUCT_NAME = "$(TARGET_NAME)";
				TARGETED_DEVICE_FAMILY = "1,2";
			};
			name = Release;
		};
		EC06568C219A700400636786 /* Debug */ = {
			isa = XCBuildConfiguration;
			buildSettings = {
				BUNDLE_LOADER = "$(TEST_HOST)";
				CODE_SIGN_STYLE = Automatic;
				INFOPLIST_FILE = LVLBSTests/Info.plist;
				LD_RUNPATH_SEARCH_PATHS = (
					"$(inherited)",
					"@executable_path/Frameworks",
					"@loader_path/Frameworks",
				);
				PRODUCT_BUNDLE_IDENTIFIER = none.LVLBSTests;
				PRODUCT_NAME = "$(TARGET_NAME)";
				TARGETED_DEVICE_FAMILY = "1,2";
				TEST_HOST = "$(BUILT_PRODUCTS_DIR)/LVLBS.app/LVLBS";
			};
			name = Debug;
		};
		EC06568D219A700400636786 /* Release */ = {
			isa = XCBuildConfiguration;
			buildSettings = {
				BUNDLE_LOADER = "$(TEST_HOST)";
				CODE_SIGN_STYLE = Automatic;
				INFOPLIST_FILE = LVLBSTests/Info.plist;
				LD_RUNPATH_SEARCH_PATHS = (
					"$(inherited)",
					"@executable_path/Frameworks",
					"@loader_path/Frameworks",
				);
				PRODUCT_BUNDLE_IDENTIFIER = none.LVLBSTests;
				PRODUCT_NAME = "$(TARGET_NAME)";
				TARGETED_DEVICE_FAMILY = "1,2";
				TEST_HOST = "$(BUILT_PRODUCTS_DIR)/LVLBS.app/LVLBS";
			};
			name = Release;
		};
/* End XCBuildConfiguration section */

/* Begin XCConfigurationList section */
		EC065662219A6FFF00636786 /* Build configuration list for PBXProject "LVLBS" */ = {
			isa = XCConfigurationList;
			buildConfigurations = (
				EC065686219A700400636786 /* Debug */,
				EC065687219A700400636786 /* Release */,
			);
			defaultConfigurationIsVisible = 0;
			defaultConfigurationName = Release;
		};
		EC065688219A700400636786 /* Build configuration list for PBXNativeTarget "LVLBS" */ = {
			isa = XCConfigurationList;
			buildConfigurations = (
				EC065689219A700400636786 /* Debug */,
				EC06568A219A700400636786 /* Release */,
			);
			defaultConfigurationIsVisible = 0;
			defaultConfigurationName = Release;
		};
		EC06568B219A700400636786 /* Build configuration list for PBXNativeTarget "LVLBSTests" */ = {
			isa = XCConfigurationList;
			buildConfigurations = (
				EC06568C219A700400636786 /* Debug */,
				EC06568D219A700400636786 /* Release */,
			);
			defaultConfigurationIsVisible = 0;
			defaultConfigurationName = Release;
		};
/* End XCConfigurationList section */
	};
	rootObject = EC06565F219A6FFF00636786 /* Project object */;
}
